
Microsoft Visual Studio Solution File, Format Version 12.00
# Visual Studio Version 17
VisualStudioVersion = 17.14.36616.10 d17.14
MinimumVisualStudioVersion = 10.0.40219.1
Project("{FAE04EC0-301F-11D3-BF4B-00C04F79EFBC}") = "EL_Arne", "EL_Arne\EL_Arne.csproj", "{4DA6C4D3-6CCF-48D4-B8A6-61D23E5A372C}"
EndProject
Global
	GlobalSection(SolutionConfigurationPlatforms) = preSolution
		Debug|Any CPU = Debug|Any CPU
		Release|Any CPU = Release|Any CPU
	EndGlobalSection
	GlobalSection(ProjectConfigurationPlatforms) = postSolution
		{4DA6C4D3-6CCF-48D4-B8A6-61D23E5A372C}.Debug|Any CPU.ActiveCfg = Debug|Any CPU
		{4DA6C4D3-6CCF-48D4-B8A6-61D23E5A372C}.Debug|Any CPU.Build.0 = Debug|Any CPU
		{4DA6C4D3-6CCF-48D4-B8A6-61D23E5A372C}.Release|Any CPU.ActiveCfg = Release|Any CPU
		{4DA6C4D3-6CCF-48D4-B8A6-61D23E5A372C}.Release|Any CPU.Build.0 = Release|Any CPU
	EndGlobalSection
	GlobalSection(SolutionProperties) = preSolution
		HideSolutionNode = FALSE
	EndGlobalSection
	GlobalSection(ExtensibilityGlobals) = postSolution
		SolutionGuid = {1CF35041-48D1-4B96-97A0-D00BDBB01834}
	EndGlobalSection
EndGlobal
